
Microsoft Visual Studio Solution File, Format Version 12.00
# Visual Studio Version 16
VisualStudioVersion = 16.0.31424.327
MinimumVisualStudioVersion = 10.0.40219.1
Project("{FAE04EC0-301F-11D3-BF4B-00C04F79EFBC}") = "byteBank", "byteBank\byteBank.csproj", "{CD15DBB0-B6BE-4BC9-81DA-08C1562DC7FA}"
EndProject
Global
	GlobalSection(SolutionConfigurationPlatforms) = preSolution
		Debug|Any CPU = Debug|Any CPU
		Release|Any CPU = Release|Any CPU
	EndGlobalSection
	GlobalSection(ProjectConfigurationPlatforms) = postSolution
		{CD15DBB0-B6BE-4BC9-81DA-08C1562DC7FA}.Debug|Any CPU.ActiveCfg = Debug|Any CPU
		{CD15DBB0-B6BE-4BC9-81DA-08C1562DC7FA}.Debug|Any CPU.Build.0 = Debug|Any CPU
		{CD15DBB0-B6BE-4BC9-81DA-08C1562DC7FA}.Release|Any CPU.ActiveCfg = Release|Any CPU
		{CD15DBB0-B6BE-4BC9-81DA-08C1562DC7FA}.Release|Any CPU.Build.0 = Release|Any CPU
	EndGlobalSection
	GlobalSection(SolutionProperties) = preSolution
		HideSolutionNode = FALSE
	EndGlobalSection
	GlobalSection(ExtensibilityGlobals) = postSolution
		SolutionGuid = {223AA4A9-3EE0-4DD9-8A05-934DD2558001}
	EndGlobalSection
EndGlobal
